
Microsoft Visual Studio Solution File, Format Version 12.00
# Visual Studio Version 16
VisualStudioVersion = 16.0.30114.105
MinimumVisualStudioVersion = 10.0.40219.1
Project("{2150E333-8FDC-42A3-9474-1A3956D46DE8}") = "src", "src", "{D12FFC1C-ADCF-431C-9772-072DC7376BA1}"
EndProject
Project("{2150E333-8FDC-42A3-9474-1A3956D46DE8}") = "web", "web", "{087BE62C-1DB6-4B85-8DFF-DD72A19BCF37}"
EndProject
Project("{FAE04EC0-301F-11D3-BF4B-00C04F79EFBC}") = "mvc", "src\web\mvc\mvc.csproj", "{FBDF6AF5-EF70-4303-9CD3-7F02EEDDCC51}"
EndProject
Global
	GlobalSection(SolutionConfigurationPlatforms) = preSolution
		Debug|Any CPU = Debug|Any CPU
		Release|Any CPU = Release|Any CPU
	EndGlobalSection
	GlobalSection(SolutionProperties) = preSolution
		HideSolutionNode = FALSE
	EndGlobalSection
	GlobalSection(ProjectConfigurationPlatforms) = postSolution
		{FBDF6AF5-EF70-4303-9CD3-7F02EEDDCC51}.Debug|Any CPU.ActiveCfg = Debug|Any CPU
		{FBDF6AF5-EF70-4303-9CD3-7F02EEDDCC51}.Debug|Any CPU.Build.0 = Debug|Any CPU
		{FBDF6AF5-EF70-4303-9CD3-7F02EEDDCC51}.Release|Any CPU.ActiveCfg = Release|Any CPU
		{FBDF6AF5-EF70-4303-9CD3-7F02EEDDCC51}.Release|Any CPU.Build.0 = Release|Any CPU
	EndGlobalSection
	GlobalSection(NestedProjects) = preSolution
		{087BE62C-1DB6-4B85-8DFF-DD72A19BCF37} = {D12FFC1C-ADCF-431C-9772-072DC7376BA1}
		{FBDF6AF5-EF70-4303-9CD3-7F02EEDDCC51} = {087BE62C-1DB6-4B85-8DFF-DD72A19BCF37}
	EndGlobalSection
EndGlobal
